
Microsoft Visual Studio Solution File, Format Version 12.00
# Visual Studio Version 16
VisualStudioVersion = 16.0.31911.196
MinimumVisualStudioVersion = 10.0.40219.1
Project("{FAE04EC0-301F-11D3-BF4B-00C04F79EFBC}") = "PostMaker", "PostMaker.csproj", "{6BA9A274-F53D-4A55-93AB-1D6A7D43D9F9}"
EndProject
Project("{FAE04EC0-301F-11D3-BF4B-00C04F79EFBC}") = "BLL", "..\BLL\BLL.csproj", "{BB956EC6-6491-4DDA-89B1-657FB119FBCF}"
EndProject
Project("{FAE04EC0-301F-11D3-BF4B-00C04F79EFBC}") = "DAL", "..\DAL\DAL.csproj", "{B6056B5D-67F2-43D9-9527-7CFCAE42F43E}"
EndProject
Project("{FAE04EC0-301F-11D3-BF4B-00C04F79EFBC}") = "DataContract", "..\DataContract\DataContract.csproj", "{107548B3-6747-4B8E-9F36-54F025AA0561}"
EndProject
Project("{FAE04EC0-301F-11D3-BF4B-00C04F79EFBC}") = "Domain", "..\Domain\Domain.csproj", "{0D61A2F1-623A-430B-B34B-40ED19D893BA}"
EndProject
Project("{00D1A9C2-B5F0-4AF3-8072-F6C62B433612}") = "PostMakerDatabase", "..\PostMakerDatabase\PostMakerDatabase.sqlproj", "{72694B45-4EC7-49B8-B616-8E0FF43060AE}"
EndProject
Global
	GlobalSection(SolutionConfigurationPlatforms) = preSolution
		Debug|Any CPU = Debug|Any CPU
		Release|Any CPU = Release|Any CPU
	EndGlobalSection
	GlobalSection(ProjectConfigurationPlatforms) = postSolution
		{6BA9A274-F53D-4A55-93AB-1D6A7D43D9F9}.Debug|Any CPU.ActiveCfg = Debug|Any CPU
		{6BA9A274-F53D-4A55-93AB-1D6A7D43D9F9}.Debug|Any CPU.Build.0 = Debug|Any CPU
		{6BA9A274-F53D-4A55-93AB-1D6A7D43D9F9}.Release|Any CPU.ActiveCfg = Release|Any CPU
		{6BA9A274-F53D-4A55-93AB-1D6A7D43D9F9}.Release|Any CPU.Build.0 = Release|Any CPU
		{BB956EC6-6491-4DDA-89B1-657FB119FBCF}.Debug|Any CPU.ActiveCfg = Debug|Any CPU
		{BB956EC6-6491-4DDA-89B1-657FB119FBCF}.Debug|Any CPU.Build.0 = Debug|Any CPU
		{BB956EC6-6491-4DDA-89B1-657FB119FBCF}.Release|Any CPU.ActiveCfg = Release|Any CPU
		{BB956EC6-6491-4DDA-89B1-657FB119FBCF}.Release|Any CPU.Build.0 = Release|Any CPU
		{B6056B5D-67F2-43D9-9527-7CFCAE42F43E}.Debug|Any CPU.ActiveCfg = Debug|Any CPU
		{B6056B5D-67F2-43D9-9527-7CFCAE42F43E}.Debug|Any CPU.Build.0 = Debug|Any CPU
		{B6056B5D-67F2-43D9-9527-7CFCAE42F43E}.Release|Any CPU.ActiveCfg = Release|Any CPU
		{B6056B5D-67F2-43D9-9527-7CFCAE42F43E}.Release|Any CPU.Build.0 = Release|Any CPU
		{107548B3-6747-4B8E-9F36-54F025AA0561}.Debug|Any CPU.ActiveCfg = Debug|Any CPU
		{107548B3-6747-4B8E-9F36-54F025AA0561}.Debug|Any CPU.Build.0 = Debug|Any CPU
		{107548B3-6747-4B8E-9F36-54F025AA0561}.Release|Any CPU.ActiveCfg = Release|Any CPU
		{107548B3-6747-4B8E-9F36-54F025AA0561}.Release|Any CPU.Build.0 = Release|Any CPU
		{0D61A2F1-623A-430B-B34B-40ED19D893BA}.Debug|Any CPU.ActiveCfg = Debug|Any CPU
		{0D61A2F1-623A-430B-B34B-40ED19D893BA}.Debug|Any CPU.Build.0 = Debug|Any CPU
		{0D61A2F1-623A-430B-B34B-40ED19D893BA}.Release|Any CPU.ActiveCfg = Release|Any CPU
		{0D61A2F1-623A-430B-B34B-40ED19D893BA}.Release|Any CPU.Build.0 = Release|Any CPU
		{72694B45-4EC7-49B8-B616-8E0FF43060AE}.Debug|Any CPU.ActiveCfg = Debug|Any CPU
		{72694B45-4EC7-49B8-B616-8E0FF43060AE}.Debug|Any CPU.Build.0 = Debug|Any CPU
		{72694B45-4EC7-49B8-B616-8E0FF43060AE}.Debug|Any CPU.Deploy.0 = Debug|Any CPU
		{72694B45-4EC7-49B8-B616-8E0FF43060AE}.Release|Any CPU.ActiveCfg = Release|Any CPU
		{72694B45-4EC7-49B8-B616-8E0FF43060AE}.Release|Any CPU.Build.0 = Release|Any CPU
		{72694B45-4EC7-49B8-B616-8E0FF43060AE}.Release|Any CPU.Deploy.0 = Release|Any CPU
	EndGlobalSection
	GlobalSection(SolutionProperties) = preSolution
		HideSolutionNode = FALSE
	EndGlobalSection
	GlobalSection(ExtensibilityGlobals) = postSolution
		SolutionGuid = {BED51516-3816-418A-AC16-56E389FA7B52}
	EndGlobalSection
EndGlobal
